
Microsoft Visual Studio Solution File, Format Version 12.00
# Visual Studio Version 17
VisualStudioVersion = 17.0.31903.59
MinimumVisualStudioVersion = 10.0.40219.1
Project("{FAE04EC0-301F-11D3-BF4B-00C04F79EFBC}") = "FIWorks", "FIWorks\FIWorks.csproj", "{A20192A5-06E5-4D8C-9626-5EEC3A3C8C6B}"
EndProject
Project("{FAE04EC0-301F-11D3-BF4B-00C04F79EFBC}") = "FIWorks.Tests", "FIWorks.Tests\FIWorks.Tests.csproj", "{AB41559D-4643-4FC2-8EF0-68E301ECBBEC}"
EndProject
Global
	GlobalSection(SolutionConfigurationPlatforms) = preSolution
		Debug|Any CPU = Debug|Any CPU
		Release|Any CPU = Release|Any CPU
	EndGlobalSection
	GlobalSection(ProjectConfigurationPlatforms) = postSolution
		{A20192A5-06E5-4D8C-9626-5EEC3A3C8C6B}.Debug|Any CPU.ActiveCfg = Debug|Any CPU
		{A20192A5-06E5-4D8C-9626-5EEC3A3C8C6B}.Debug|Any CPU.Build.0 = Debug|Any CPU
		{A20192A5-06E5-4D8C-9626-5EEC3A3C8C6B}.Release|Any CPU.ActiveCfg = Release|Any CPU
		{A20192A5-06E5-4D8C-9626-5EEC3A3C8C6B}.Release|Any CPU.Build.0 = Release|Any CPU
		{AB41559D-4643-4FC2-8EF0-68E301ECBBEC}.Debug|Any CPU.ActiveCfg = Debug|Any CPU
		{AB41559D-4643-4FC2-8EF0-68E301ECBBEC}.Debug|Any CPU.Build.0 = Debug|Any CPU
		{AB41559D-4643-4FC2-8EF0-68E301ECBBEC}.Release|Any CPU.ActiveCfg = Release|Any CPU
		{AB41559D-4643-4FC2-8EF0-68E301ECBBEC}.Release|Any CPU.Build.0 = Release|Any CPU
	EndGlobalSection
	GlobalSection(SolutionProperties) = preSolution
		HideSolutionNode = FALSE
	EndGlobalSection
EndGlobal
